
Microsoft Visual Studio Solution File, Format Version 12.00
# Visual Studio 15
VisualStudioVersion = 15.0.28307.902
MinimumVisualStudioVersion = 10.0.40219.1
Project("{6EC3EE1D-3C4E-46DD-8F32-0CC8E7565705}") = "Taenkeboks", "Taenkeboks\Taenkeboks.fsproj", "{148028F0-F81F-4A86-83D4-0DB46659B178}"
EndProject
Project("{6EC3EE1D-3C4E-46DD-8F32-0CC8E7565705}") = "PIM", "PIM\PIM.fsproj", "{6EC2510B-B6C2-497E-9F53-E58DF8961CD8}"
EndProject
Global
	GlobalSection(SolutionConfigurationPlatforms) = preSolution
		Debug|Any CPU = Debug|Any CPU
		Release|Any CPU = Release|Any CPU
	EndGlobalSection
	GlobalSection(ProjectConfigurationPlatforms) = postSolution
		{148028F0-F81F-4A86-83D4-0DB46659B178}.Debug|Any CPU.ActiveCfg = Debug|Any CPU
		{148028F0-F81F-4A86-83D4-0DB46659B178}.Debug|Any CPU.Build.0 = Debug|Any CPU
		{148028F0-F81F-4A86-83D4-0DB46659B178}.Release|Any CPU.ActiveCfg = Release|Any CPU
		{148028F0-F81F-4A86-83D4-0DB46659B178}.Release|Any CPU.Build.0 = Release|Any CPU
		{6EC2510B-B6C2-497E-9F53-E58DF8961CD8}.Debug|Any CPU.ActiveCfg = Debug|Any CPU
		{6EC2510B-B6C2-497E-9F53-E58DF8961CD8}.Debug|Any CPU.Build.0 = Debug|Any CPU
		{6EC2510B-B6C2-497E-9F53-E58DF8961CD8}.Release|Any CPU.ActiveCfg = Release|Any CPU
		{6EC2510B-B6C2-497E-9F53-E58DF8961CD8}.Release|Any CPU.Build.0 = Release|Any CPU
	EndGlobalSection
	GlobalSection(SolutionProperties) = preSolution
		HideSolutionNode = FALSE
	EndGlobalSection
	GlobalSection(ExtensibilityGlobals) = postSolution
		SolutionGuid = {60AD9B85-FD33-47D6-A747-4678535CD8AF}
	EndGlobalSection
EndGlobal
